
Microsoft Visual Studio Solution File, Format Version 12.00
# Visual Studio Version 17
VisualStudioVersion = 17.1.32210.238
MinimumVisualStudioVersion = 10.0.40219.1
Project("{FAE04EC0-301F-11D3-BF4B-00C04F79EFBC}") = "exceptions", "exceptions.csproj", "{AFF4FCAB-9AF8-411C-8AD8-1A1D3D1D5B72}"
EndProject
Global
	GlobalSection(SolutionConfigurationPlatforms) = preSolution
		Debug|Any CPU = Debug|Any CPU
		Release|Any CPU = Release|Any CPU
	EndGlobalSection
	GlobalSection(ProjectConfigurationPlatforms) = postSolution
		{AFF4FCAB-9AF8-411C-8AD8-1A1D3D1D5B72}.Debug|Any CPU.ActiveCfg = Debug|Any CPU
		{AFF4FCAB-9AF8-411C-8AD8-1A1D3D1D5B72}.Debug|Any CPU.Build.0 = Debug|Any CPU
		{AFF4FCAB-9AF8-411C-8AD8-1A1D3D1D5B72}.Release|Any CPU.ActiveCfg = Release|Any CPU
		{AFF4FCAB-9AF8-411C-8AD8-1A1D3D1D5B72}.Release|Any CPU.Build.0 = Release|Any CPU
	EndGlobalSection
	GlobalSection(SolutionProperties) = preSolution
		HideSolutionNode = FALSE
	EndGlobalSection
	GlobalSection(ExtensibilityGlobals) = postSolution
		SolutionGuid = {C3DA10C2-837B-4226-ABF0-76BD0F0F0516}
	EndGlobalSection
EndGlobal
